
Microsoft Visual Studio Solution File, Format Version 12.00
# Visual Studio Version 16
VisualStudioVersion = 16.0.30204.135
MinimumVisualStudioVersion = 10.0.40219.1
Project("{FAE04EC0-301F-11D3-BF4B-00C04F79EFBC}") = "MercadoPagoCertQR", "MercadoPagoCertQR\MercadoPagoCertQR.csproj", "{66C9C775-89BC-48AD-A306-0360C7F196F6}"
EndProject
Global
	GlobalSection(SolutionConfigurationPlatforms) = preSolution
		Debug|Any CPU = Debug|Any CPU
		Release|Any CPU = Release|Any CPU
	EndGlobalSection
	GlobalSection(ProjectConfigurationPlatforms) = postSolution
		{66C9C775-89BC-48AD-A306-0360C7F196F6}.Debug|Any CPU.ActiveCfg = Debug|Any CPU
		{66C9C775-89BC-48AD-A306-0360C7F196F6}.Debug|Any CPU.Build.0 = Debug|Any CPU
		{66C9C775-89BC-48AD-A306-0360C7F196F6}.Release|Any CPU.ActiveCfg = Release|Any CPU
		{66C9C775-89BC-48AD-A306-0360C7F196F6}.Release|Any CPU.Build.0 = Release|Any CPU
	EndGlobalSection
	GlobalSection(SolutionProperties) = preSolution
		HideSolutionNode = FALSE
	EndGlobalSection
	GlobalSection(ExtensibilityGlobals) = postSolution
		SolutionGuid = {0E6EA53E-C92B-48EA-89C2-9E8204FE143E}
	EndGlobalSection
EndGlobal
